
Microsoft Visual Studio Solution File, Format Version 12.00
# Visual Studio Version 16
VisualStudioVersion = 16.0.31402.337
MinimumVisualStudioVersion = 10.0.40219.1
Project("{FAE04EC0-301F-11D3-BF4B-00C04F79EFBC}") = "AppBlaBlaCar.UWP", "AppBlaBlaCar\AppBlaBlaCar.UWP\AppBlaBlaCar.UWP.csproj", "{BE5C618E-EE23-4CC1-BC39-8323F8C0FFB0}"
EndProject
Project("{FAE04EC0-301F-11D3-BF4B-00C04F79EFBC}") = "AppBlaBlaCar.Android", "AppBlaBlaCar\AppBlaBlaCar.Android\AppBlaBlaCar.Android.csproj", "{C1443432-0A86-43CB-92B7-0DFF6991C828}"
EndProject
Project("{FAE04EC0-301F-11D3-BF4B-00C04F79EFBC}") = "AppBlaBlaCar.iOS", "AppBlaBlaCar\AppBlaBlaCar.iOS\AppBlaBlaCar.iOS.csproj", "{6F3F681C-28D0-4512-9F9D-22D87EFA6F11}"
EndProject
Project("{FAE04EC0-301F-11D3-BF4B-00C04F79EFBC}") = "AppBlaBlaCar", "AppBlaBlaCar\AppBlaBlaCar\AppBlaBlaCar.csproj", "{53416952-063F-4C8F-A24F-34310E54183B}"
EndProject
Project("{FAE04EC0-301F-11D3-BF4B-00C04F79EFBC}") = "AppBlaBlaCarWebApi", "AppBlaBlaCarWebApi\AppBlaBlaCarWebApi.csproj", "{C2F4732B-83A8-4493-8747-37DA9B973C47}"
EndProject
Global
	GlobalSection(SolutionConfigurationPlatforms) = preSolution
		Debug|Any CPU = Debug|Any CPU
		Debug|ARM = Debug|ARM
		Debug|iPhone = Debug|iPhone
		Debug|iPhoneSimulator = Debug|iPhoneSimulator
		Debug|x64 = Debug|x64
		Debug|x86 = Debug|x86
		Release|Any CPU = Release|Any CPU
		Release|ARM = Release|ARM
		Release|iPhone = Release|iPhone
		Release|iPhoneSimulator = Release|iPhoneSimulator
		Release|x64 = Release|x64
		Release|x86 = Release|x86
	EndGlobalSection
	GlobalSection(ProjectConfigurationPlatforms) = postSolution
		{BE5C618E-EE23-4CC1-BC39-8323F8C0FFB0}.Debug|Any CPU.ActiveCfg = Debug|x86
		{BE5C618E-EE23-4CC1-BC39-8323F8C0FFB0}.Debug|Any CPU.Build.0 = Debug|x86
		{BE5C618E-EE23-4CC1-BC39-8323F8C0FFB0}.Debug|Any CPU.Deploy.0 = Debug|x86
		{BE5C618E-EE23-4CC1-BC39-8323F8C0FFB0}.Debug|ARM.ActiveCfg = Debug|ARM
		{BE5C618E-EE23-4CC1-BC39-8323F8C0FFB0}.Debug|ARM.Build.0 = Debug|ARM
		{BE5C618E-EE23-4CC1-BC39-8323F8C0FFB0}.Debug|ARM.Deploy.0 = Debug|ARM
		{BE5C618E-EE23-4CC1-BC39-8323F8C0FFB0}.Debug|iPhone.ActiveCfg = Debug|x86
		{BE5C618E-EE23-4CC1-BC39-8323F8C0FFB0}.Debug|iPhone.Build.0 = Debug|x86
		{BE5C618E-EE23-4CC1-BC39-8323F8C0FFB0}.Debug|iPhone.Deploy.0 = Debug|x86
		{BE5C618E-EE23-4CC1-BC39-8323F8C0FFB0}.Debug|iPhoneSimulator.ActiveCfg = Debug|x86
		{BE5C618E-EE23-4CC1-BC39-8323F8C0FFB0}.Debug|iPhoneSimulator.Build.0 = Debug|x86
		{BE5C618E-EE23-4CC1-BC39-8323F8C0FFB0}.Debug|iPhoneSimulator.Deploy.0 = Debug|x86
		{BE5C618E-EE23-4CC1-BC39-8323F8C0FFB0}.Debug|x64.ActiveCfg = Debug|x64
		{BE5C618E-EE23-4CC1-BC39-8323F8C0FFB0}.Debug|x64.Build.0 = Debug|x64
		{BE5C618E-EE23-4CC1-BC39-8323F8C0FFB0}.Debug|x64.Deploy.0 = Debug|x64
		{BE5C618E-EE23-4CC1-BC39-8323F8C0FFB0}.Debug|x86.ActiveCfg = Debug|x86
		{BE5C618E-EE23-4CC1-BC39-8323F8C0FFB0}.Debug|x86.Build.0 = Debug|x86
		{BE5C618E-EE23-4CC1-BC39-8323F8C0FFB0}.Debug|x86.Deploy.0 = Debug|x86
		{BE5C618E-EE23-4CC1-BC39-8323F8C0FFB0}.Release|Any CPU.ActiveCfg = Release|x86
		{BE5C618E-EE23-4CC1-BC39-8323F8C0FFB0}.Release|Any CPU.Build.0 = Release|x86
		{BE5C618E-EE23-4CC1-BC39-8323F8C0FFB0}.Release|Any CPU.Deploy.0 = Release|x86
		{BE5C618E-EE23-4CC1-BC39-8323F8C0FFB0}.Release|ARM.ActiveCfg = Release|ARM
		{BE5C618E-EE23-4CC1-BC39-8323F8C0FFB0}.Release|ARM.Build.0 = Release|ARM
		{BE5C618E-EE23-4CC1-BC39-8323F8C0FFB0}.Release|ARM.Deploy.0 = Release|ARM
		{BE5C618E-EE23-4CC1-BC39-8323F8C0FFB0}.Release|iPhone.ActiveCfg = Release|x86
		{BE5C618E-EE23-4CC1-BC39-8323F8C0FFB0}.Release|iPhone.Build.0 = Release|x86
		{BE5C618E-EE23-4CC1-BC39-8323F8C0FFB0}.Release|iPhone.Deploy.0 = Release|x86
		{BE5C618E-EE23-4CC1-BC39-8323F8C0FFB0}.Release|iPhoneSimulator.ActiveCfg = Release|x86
		{BE5C618E-EE23-4CC1-BC39-8323F8C0FFB0}.Release|iPhoneSimulator.Build.0 = Release|x86
		{BE5C618E-EE23-4CC1-BC39-8323F8C0FFB0}.Release|iPhoneSimulator.Deploy.0 = Release|x86
		{BE5C618E-EE23-4CC1-BC39-8323F8C0FFB0}.Release|x64.ActiveCfg = Release|x64
		{BE5C618E-EE23-4CC1-BC39-8323F8C0FFB0}.Release|x64.Build.0 = Release|x64
		{BE5C618E-EE23-4CC1-BC39-8323F8C0FFB0}.Release|x64.Deploy.0 = Release|x64
		{BE5C618E-EE23-4CC1-BC39-8323F8C0FFB0}.Release|x86.ActiveCfg = Release|x86
		{BE5C618E-EE23-4CC1-BC39-8323F8C0FFB0}.Release|x86.Build.0 = Release|x86
		{BE5C618E-EE23-4CC1-BC39-8323F8C0FFB0}.Release|x86.Deploy.0 = Release|x86
		{C1443432-0A86-43CB-92B7-0DFF6991C828}.Debug|Any CPU.ActiveCfg = Debug|Any CPU
		{C1443432-0A86-43CB-92B7-0DFF6991C828}.Debug|Any CPU.Build.0 = Debug|Any CPU
		{C1443432-0A86-43CB-92B7-0DFF6991C828}.Debug|Any CPU.Deploy.0 = Debug|Any CPU
		{C1443432-0A86-43CB-92B7-0DFF6991C828}.Debug|ARM.ActiveCfg = Debug|Any CPU
		{C1443432-0A86-43CB-92B7-0DFF6991C828}.Debug|ARM.Build.0 = Debug|Any CPU
		{C1443432-0A86-43CB-92B7-0DFF6991C828}.Debug|ARM.Deploy.0 = Debug|Any CPU
		{C1443432-0A86-43CB-92B7-0DFF6991C828}.Debug|iPhone.ActiveCfg = Debug|Any CPU
		{C1443432-0A86-43CB-92B7-0DFF6991C828}.Debug|iPhone.Build.0 = Debug|Any CPU
		{C1443432-0A86-43CB-92B7-0DFF6991C828}.Debug|iPhone.Deploy.0 = Debug|Any CPU
		{C1443432-0A86-43CB-92B7-0DFF6991C828}.Debug|iPhoneSimulator.ActiveCfg = Debug|Any CPU
		{C1443432-0A86-43CB-92B7-0DFF6991C828}.Debug|iPhoneSimulator.Build.0 = Debug|Any CPU
		{C1443432-0A86-43CB-92B7-0DFF6991C828}.Debug|iPhoneSimulator.Deploy.0 = Debug|Any CPU
		{C1443432-0A86-43CB-92B7-0DFF6991C828}.Debug|x64.ActiveCfg = Debug|Any CPU
		{C1443432-0A86-43CB-92B7-0DFF6991C828}.Debug|x64.Build.0 = Debug|Any CPU
		{C1443432-0A86-43CB-92B7-0DFF6991C828}.Debug|x64.Deploy.0 = Debug|Any CPU
		{C1443432-0A86-43CB-92B7-0DFF6991C828}.Debug|x86.ActiveCfg = Debug|Any CPU
		{C1443432-0A86-43CB-92B7-0DFF6991C828}.Debug|x86.Build.0 = Debug|Any CPU
		{C1443432-0A86-43CB-92B7-0DFF6991C828}.Debug|x86.Deploy.0 = Debug|Any CPU
		{C1443432-0A86-43CB-92B7-0DFF6991C828}.Release|Any CPU.ActiveCfg = Release|Any CPU
		{C1443432-0A86-43CB-92B7-0DFF6991C828}.Release|Any CPU.Build.0 = Release|Any CPU
		{C1443432-0A86-43CB-92B7-0DFF6991C828}.Release|Any CPU.Deploy.0 = Release|Any CPU
		{C1443432-0A86-43CB-92B7-0DFF6991C828}.Release|ARM.ActiveCfg = Release|Any CPU
		{C1443432-0A86-43CB-92B7-0DFF6991C828}.Release|ARM.Build.0 = Release|Any CPU
		{C1443432-0A86-43CB-92B7-0DFF6991C828}.Release|ARM.Deploy.0 = Release|Any CPU
		{C1443432-0A86-43CB-92B7-0DFF6991C828}.Release|iPhone.ActiveCfg = Release|Any CPU
		{C1443432-0A86-43CB-92B7-0DFF6991C828}.Release|iPhone.Build.0 = Release|Any CPU
		{C1443432-0A86-43CB-92B7-0DFF6991C828}.Release|iPhone.Deploy.0 = Release|Any CPU
		{C1443432-0A86-43CB-92B7-0DFF6991C828}.Release|iPhoneSimulator.ActiveCfg = Release|Any CPU
		{C1443432-0A86-43CB-92B7-0DFF6991C828}.Release|iPhoneSimulator.Build.0 = Release|Any CPU
		{C1443432-0A86-43CB-92B7-0DFF6991C828}.Release|iPhoneSimulator.Deploy.0 = Release|Any CPU
		{C1443432-0A86-43CB-92B7-0DFF6991C828}.Release|x64.ActiveCfg = Release|Any CPU
		{C1443432-0A86-43CB-92B7-0DFF6991C828}.Release|x64.Build.0 = Release|Any CPU
		{C1443432-0A86-43CB-92B7-0DFF6991C828}.Release|x64.Deploy.0 = Release|Any CPU
		{C1443432-0A86-43CB-92B7-0DFF6991C828}.Release|x86.ActiveCfg = Release|Any CPU
		{C1443432-0A86-43CB-92B7-0DFF6991C828}.Release|x86.Build.0 = Release|Any CPU
		{C1443432-0A86-43CB-92B7-0DFF6991C828}.Release|x86.Deploy.0 = Release|Any CPU
		{6F3F681C-28D0-4512-9F9D-22D87EFA6F11}.Debug|Any CPU.ActiveCfg = Debug|iPhoneSimulator
		{6F3F681C-28D0-4512-9F9D-22D87EFA6F11}.Debug|Any CPU.Build.0 = Debug|iPhoneSimulator
		{6F3F681C-28D0-4512-9F9D-22D87EFA6F11}.Debug|Any CPU.Deploy.0 = Debug|iPhoneSimulator
		{6F3F681C-28D0-4512-9F9D-22D87EFA6F11}.Debug|ARM.ActiveCfg = Debug|iPhone
		{6F3F681C-28D0-4512-9F9D-22D87EFA6F11}.Debug|ARM.Build.0 = Debug|iPhone
		{6F3F681C-28D0-4512-9F9D-22D87EFA6F11}.Debug|ARM.Deploy.0 = Debug|iPhone
		{6F3F681C-28D0-4512-9F9D-22D87EFA6F11}.Debug|iPhone.ActiveCfg = Debug|iPhone
		{6F3F681C-28D0-4512-9F9D-22D87EFA6F11}.Debug|iPhone.Build.0 = Debug|iPhone
		{6F3F681C-28D0-4512-9F9D-22D87EFA6F11}.Debug|iPhone.Deploy.0 = Debug|iPhone
		{6F3F681C-28D0-4512-9F9D-22D87EFA6F11}.Debug|iPhoneSimulator.ActiveCfg = Debug|iPhoneSimulator
		{6F3F681C-28D0-4512-9F9D-22D87EFA6F11}.Debug|iPhoneSimulator.Build.0 = Debug|iPhoneSimulator
		{6F3F681C-28D0-4512-9F9D-22D87EFA6F11}.Debug|iPhoneSimulator.Deploy.0 = Debug|iPhoneSimulator
		{6F3F681C-28D0-4512-9F9D-22D87EFA6F11}.Debug|x64.ActiveCfg = Debug|iPhoneSimulator
		{6F3F681C-28D0-4512-9F9D-22D87EFA6F11}.Debug|x64.Build.0 = Debug|iPhoneSimulator
		{6F3F681C-28D0-4512-9F9D-22D87EFA6F11}.Debug|x64.Deploy.0 = Debug|iPhoneSimulator
		{6F3F681C-28D0-4512-9F9D-22D87EFA6F11}.Debug|x86.ActiveCfg = Debug|iPhoneSimulator
		{6F3F681C-28D0-4512-9F9D-22D87EFA6F11}.Debug|x86.Build.0 = Debug|iPhoneSimulator
		{6F3F681C-28D0-4512-9F9D-22D87EFA6F11}.Debug|x86.Deploy.0 = Debug|iPhoneSimulator
		{6F3F681C-28D0-4512-9F9D-22D87EFA6F11}.Release|Any CPU.ActiveCfg = Release|iPhoneSimulator
		{6F3F681C-28D0-4512-9F9D-22D87EFA6F11}.Release|Any CPU.Build.0 = Release|iPhoneSimulator
		{6F3F681C-28D0-4512-9F9D-22D87EFA6F11}.Release|Any CPU.Deploy.0 = Release|iPhoneSimulator
		{6F3F681C-28D0-4512-9F9D-22D87EFA6F11}.Release|ARM.ActiveCfg = Release|iPhoneSimulator
		{6F3F681C-28D0-4512-9F9D-22D87EFA6F11}.Release|ARM.Build.0 = Release|iPhoneSimulator
		{6F3F681C-28D0-4512-9F9D-22D87EFA6F11}.Release|ARM.Deploy.0 = Release|iPhoneSimulator
		{6F3F681C-28D0-4512-9F9D-22D87EFA6F11}.Release|iPhone.ActiveCfg = Release|iPhone
		{6F3F681C-28D0-4512-9F9D-22D87EFA6F11}.Release|iPhone.Build.0 = Release|iPhone
		{6F3F681C-28D0-4512-9F9D-22D87EFA6F11}.Release|iPhone.Deploy.0 = Release|iPhone
		{6F3F681C-28D0-4512-9F9D-22D87EFA6F11}.Release|iPhoneSimulator.ActiveCfg = Release|iPhoneSimulator
		{6F3F681C-28D0-4512-9F9D-22D87EFA6F11}.Release|iPhoneSimulator.Build.0 = Release|iPhoneSimulator
		{6F3F681C-28D0-4512-9F9D-22D87EFA6F11}.Release|iPhoneSimulator.Deploy.0 = Release|iPhoneSimulator
		{6F3F681C-28D0-4512-9F9D-22D87EFA6F11}.Release|x64.ActiveCfg = Release|iPhoneSimulator
		{6F3F681C-28D0-4512-9F9D-22D87EFA6F11}.Release|x64.Build.0 = Release|iPhoneSimulator
		{6F3F681C-28D0-4512-9F9D-22D87EFA6F11}.Release|x64.Deploy.0 = Release|iPhoneSimulator
		{6F3F681C-28D0-4512-9F9D-22D87EFA6F11}.Release|x86.ActiveCfg = Release|iPhoneSimulator
		{6F3F681C-28D0-4512-9F9D-22D87EFA6F11}.Release|x86.Build.0 = Release|iPhoneSimulator
		{6F3F681C-28D0-4512-9F9D-22D87EFA6F11}.Release|x86.Deploy.0 = Release|iPhoneSimulator
		{53416952-063F-4C8F-A24F-34310E54183B}.Debug|Any CPU.ActiveCfg = Debug|Any CPU
		{53416952-063F-4C8F-A24F-34310E54183B}.Debug|Any CPU.Build.0 = Debug|Any CPU
		{53416952-063F-4C8F-A24F-34310E54183B}.Debug|Any CPU.Deploy.0 = Debug|Any CPU
		{53416952-063F-4C8F-A24F-34310E54183B}.Debug|ARM.ActiveCfg = Debug|Any CPU
		{53416952-063F-4C8F-A24F-34310E54183B}.Debug|ARM.Build.0 = Debug|Any CPU
		{53416952-063F-4C8F-A24F-34310E54183B}.Debug|ARM.Deploy.0 = Debug|Any CPU
		{53416952-063F-4C8F-A24F-34310E54183B}.Debug|iPhone.ActiveCfg = Debug|Any CPU
		{53416952-063F-4C8F-A24F-34310E54183B}.Debug|iPhone.Build.0 = Debug|Any CPU
		{53416952-063F-4C8F-A24F-34310E54183B}.Debug|iPhone.Deploy.0 = Debug|Any CPU
		{53416952-063F-4C8F-A24F-34310E54183B}.Debug|iPhoneSimulator.ActiveCfg = Debug|Any CPU
		{53416952-063F-4C8F-A24F-34310E54183B}.Debug|iPhoneSimulator.Build.0 = Debug|Any CPU
		{53416952-063F-4C8F-A24F-34310E54183B}.Debug|iPhoneSimulator.Deploy.0 = Debug|Any CPU
		{53416952-063F-4C8F-A24F-34310E54183B}.Debug|x64.ActiveCfg = Debug|Any CPU
		{53416952-063F-4C8F-A24F-34310E54183B}.Debug|x64.Build.0 = Debug|Any CPU
		{53416952-063F-4C8F-A24F-34310E54183B}.Debug|x64.Deploy.0 = Debug|Any CPU
		{53416952-063F-4C8F-A24F-34310E54183B}.Debug|x86.ActiveCfg = Debug|Any CPU
		{53416952-063F-4C8F-A24F-34310E54183B}.Debug|x86.Build.0 = Debug|Any CPU
		{53416952-063F-4C8F-A24F-34310E54183B}.Debug|x86.Deploy.0 = Debug|Any CPU
		{53416952-063F-4C8F-A24F-34310E54183B}.Release|Any CPU.ActiveCfg = Release|Any CPU
		{53416952-063F-4C8F-A24F-34310E54183B}.Release|Any CPU.Build.0 = Release|Any CPU
		{53416952-063F-4C8F-A24F-34310E54183B}.Release|Any CPU.Deploy.0 = Release|Any CPU
		{53416952-063F-4C8F-A24F-34310E54183B}.Release|ARM.ActiveCfg = Release|Any CPU
		{53416952-063F-4C8F-A24F-34310E54183B}.Release|ARM.Build.0 = Release|Any CPU
		{53416952-063F-4C8F-A24F-34310E54183B}.Release|ARM.Deploy.0 = Release|Any CPU
		{53416952-063F-4C8F-A24F-34310E54183B}.Release|iPhone.ActiveCfg = Release|Any CPU
		{53416952-063F-4C8F-A24F-34310E54183B}.Release|iPhone.Build.0 = Release|Any CPU
		{53416952-063F-4C8F-A24F-34310E54183B}.Release|iPhone.Deploy.0 = Release|Any CPU
		{53416952-063F-4C8F-A24F-34310E54183B}.Release|iPhoneSimulator.ActiveCfg = Release|Any CPU
		{53416952-063F-4C8F-A24F-34310E54183B}.Release|iPhoneSimulator.Build.0 = Release|Any CPU
		{53416952-063F-4C8F-A24F-34310E54183B}.Release|iPhoneSimulator.Deploy.0 = Release|Any CPU
		{53416952-063F-4C8F-A24F-34310E54183B}.Release|x64.ActiveCfg = Release|Any CPU
		{53416952-063F-4C8F-A24F-34310E54183B}.Release|x64.Build.0 = Release|Any CPU
		{53416952-063F-4C8F-A24F-34310E54183B}.Release|x64.Deploy.0 = Release|Any CPU
		{53416952-063F-4C8F-A24F-34310E54183B}.Release|x86.ActiveCfg = Release|Any CPU
		{53416952-063F-4C8F-A24F-34310E54183B}.Release|x86.Build.0 = Release|Any CPU
		{53416952-063F-4C8F-A24F-34310E54183B}.Release|x86.Deploy.0 = Release|Any CPU
		{C2F4732B-83A8-4493-8747-37DA9B973C47}.Debug|Any CPU.ActiveCfg = Debug|Any CPU
		{C2F4732B-83A8-4493-8747-37DA9B973C47}.Debug|Any CPU.Build.0 = Debug|Any CPU
		{C2F4732B-83A8-4493-8747-37DA9B973C47}.Debug|ARM.ActiveCfg = Debug|Any CPU
		{C2F4732B-83A8-4493-8747-37DA9B973C47}.Debug|ARM.Build.0 = Debug|Any CPU
		{C2F4732B-83A8-4493-8747-37DA9B973C47}.Debug|iPhone.ActiveCfg = Debug|Any CPU
		{C2F4732B-83A8-4493-8747-37DA9B973C47}.Debug|iPhone.Build.0 = Debug|Any CPU
		{C2F4732B-83A8-4493-8747-37DA9B973C47}.Debug|iPhoneSimulator.ActiveCfg = Debug|Any CPU
		{C2F4732B-83A8-4493-8747-37DA9B973C47}.Debug|iPhoneSimulator.Build.0 = Debug|Any CPU
		{C2F4732B-83A8-4493-8747-37DA9B973C47}.Debug|x64.ActiveCfg = Debug|Any CPU
		{C2F4732B-83A8-4493-8747-37DA9B973C47}.Debug|x64.Build.0 = Debug|Any CPU
		{C2F4732B-83A8-4493-8747-37DA9B973C47}.Debug|x86.ActiveCfg = Debug|Any CPU
		{C2F4732B-83A8-4493-8747-37DA9B973C47}.Debug|x86.Build.0 = Debug|Any CPU
		{C2F4732B-83A8-4493-8747-37DA9B973C47}.Release|Any CPU.ActiveCfg = Release|Any CPU
		{C2F4732B-83A8-4493-8747-37DA9B973C47}.Release|Any CPU.Build.0 = Release|Any CPU
		{C2F4732B-83A8-4493-8747-37DA9B973C47}.Release|ARM.ActiveCfg = Release|Any CPU
		{C2F4732B-83A8-4493-8747-37DA9B973C47}.Release|ARM.Build.0 = Release|Any CPU
		{C2F4732B-83A8-4493-8747-37DA9B973C47}.Release|iPhone.ActiveCfg = Release|Any CPU
		{C2F4732B-83A8-4493-8747-37DA9B973C47}.Release|iPhone.Build.0 = Release|Any CPU
		{C2F4732B-83A8-4493-8747-37DA9B973C47}.Release|iPhoneSimulator.ActiveCfg = Release|Any CPU
		{C2F4732B-83A8-4493-8747-37DA9B973C47}.Release|iPhoneSimulator.Build.0 = Release|Any CPU
		{C2F4732B-83A8-4493-8747-37DA9B973C47}.Release|x64.ActiveCfg = Release|Any CPU
		{C2F4732B-83A8-4493-8747-37DA9B973C47}.Release|x64.Build.0 = Release|Any CPU
		{C2F4732B-83A8-4493-8747-37DA9B973C47}.Release|x86.ActiveCfg = Release|Any CPU
		{C2F4732B-83A8-4493-8747-37DA9B973C47}.Release|x86.Build.0 = Release|Any CPU
	EndGlobalSection
	GlobalSection(SolutionProperties) = preSolution
		HideSolutionNode = FALSE
	EndGlobalSection
	GlobalSection(ExtensibilityGlobals) = postSolution
		SolutionGuid = {E4DE0285-2780-4B05-9A1E-39F4F7A944A5}
	EndGlobalSection
EndGlobal
